
Microsoft Visual Studio Solution File, Format Version 12.00
# Visual Studio Version 17
VisualStudioVersion = 17.2.32630.192
MinimumVisualStudioVersion = 10.0.40219.1
Project("{FAE04EC0-301F-11D3-BF4B-00C04F79EFBC}") = "InheritancePractice2", "InheritancePractice2\InheritancePractice2.csproj", "{04C46E05-1AB5-4516-AD82-503E31BD916B}"
EndProject
Global
	GlobalSection(SolutionConfigurationPlatforms) = preSolution
		Debug|Any CPU = Debug|Any CPU
		Release|Any CPU = Release|Any CPU
	EndGlobalSection
	GlobalSection(ProjectConfigurationPlatforms) = postSolution
		{04C46E05-1AB5-4516-AD82-503E31BD916B}.Debug|Any CPU.ActiveCfg = Debug|Any CPU
		{04C46E05-1AB5-4516-AD82-503E31BD916B}.Debug|Any CPU.Build.0 = Debug|Any CPU
		{04C46E05-1AB5-4516-AD82-503E31BD916B}.Release|Any CPU.ActiveCfg = Release|Any CPU
		{04C46E05-1AB5-4516-AD82-503E31BD916B}.Release|Any CPU.Build.0 = Release|Any CPU
	EndGlobalSection
	GlobalSection(SolutionProperties) = preSolution
		HideSolutionNode = FALSE
	EndGlobalSection
	GlobalSection(ExtensibilityGlobals) = postSolution
		SolutionGuid = {BCE3A55E-73CC-4407-BF96-934F015036A4}
	EndGlobalSection
EndGlobal
