
Microsoft Visual Studio Solution File, Format Version 12.00
# Visual Studio Version 17
VisualStudioVersion = 17.3.32922.545
MinimumVisualStudioVersion = 10.0.40219.1
Project("{FAE04EC0-301F-11D3-BF4B-00C04F79EFBC}") = "IEnumerableIEnumerator", "IEnumerableIEnumerator\IEnumerableIEnumerator.csproj", "{1E36E17A-9600-4C40-AFAA-74779A8D3422}"
EndProject
Global
	GlobalSection(SolutionConfigurationPlatforms) = preSolution
		Debug|Any CPU = Debug|Any CPU
		Release|Any CPU = Release|Any CPU
	EndGlobalSection
	GlobalSection(ProjectConfigurationPlatforms) = postSolution
		{1E36E17A-9600-4C40-AFAA-74779A8D3422}.Debug|Any CPU.ActiveCfg = Debug|Any CPU
		{1E36E17A-9600-4C40-AFAA-74779A8D3422}.Debug|Any CPU.Build.0 = Debug|Any CPU
		{1E36E17A-9600-4C40-AFAA-74779A8D3422}.Release|Any CPU.ActiveCfg = Release|Any CPU
		{1E36E17A-9600-4C40-AFAA-74779A8D3422}.Release|Any CPU.Build.0 = Release|Any CPU
	EndGlobalSection
	GlobalSection(SolutionProperties) = preSolution
		HideSolutionNode = FALSE
	EndGlobalSection
	GlobalSection(ExtensibilityGlobals) = postSolution
		SolutionGuid = {9DE66FAB-B286-4EDF-B0E4-44318F8AE94F}
	EndGlobalSection
EndGlobal
